{
  "name": "javascript",
  "version": "1.0.0",
  "lockfileVersion": 1,
  "requires": true,
  "dependencies": {
    "python-shell": {
      "version": "3.0.0",
      "resolved": "https://registry.npmjs.org/python-shell/-/python-shell-3.0.0.tgz",
      "integrity": "sha512-vlIkpJBwkhtG8d2rBbPEweg+3UXdkoduRZ0jLbIX3efYutBjTdmdmMrEQCQy9tkabH36yUjOhwTPFkH3BvoYZQ=="
    }
  }
}
