// !$*UTF8*$!
{
	archiveVersion = 1;
	classes = {
	};
	objectVersion = 46;
	objects = {

/* Begin PBXBuildFile section */
		120266BD24AA15EF007DF876 /* CoreFoundation.framework in Frameworks */ = {isa = PBXBuildFile; fileRef = 12D5454B2463B03000BE010E /* CoreFoundation.framework */; };
		120266C624AA17B6007DF876 /* pyjs.c in Sources */ = {isa = PBXBuildFile; fileRef = 120266C524AA17B5007DF876 /* pyjs.c */; };
		120266C724AA17E6007DF876 /* api.h in Headers */ = {isa = PBXBuildFile; fileRef = 1239835C24A1DC4600ADF7CA /* api.h */; };
		1239836124A1DC4600ADF7CA /* api.h in Headers */ = {isa = PBXBuildFile; fileRef = 1239835C24A1DC4600ADF7CA /* api.h */; };
		1239836224A1DC4600ADF7CA /* api.c in Sources */ = {isa = PBXBuildFile; fileRef = 1239835D24A1DC4600ADF7CA /* api.c */; };
		1239836324A1DC4600ADF7CA /* py.c in Sources */ = {isa = PBXBuildFile; fileRef = 1239835E24A1DC4600ADF7CA /* py.c */; };
		1239836424A1DC4600ADF7CA /* py.h in Headers */ = {isa = PBXBuildFile; fileRef = 1239835F24A1DC4600ADF7CA /* py.h */; };
		12D5454C2463B03000BE010E /* CoreFoundation.framework in Frameworks */ = {isa = PBXBuildFile; fileRef = 12D5454B2463B03000BE010E /* CoreFoundation.framework */; };
		12FB5D1C262808AD005F591D /* lib in Resources */ = {isa = PBXBuildFile; fileRef = 12FB5D1B262808AD005F591D /* lib */; };
		12FB5D1D262808AD005F591D /* lib in Resources */ = {isa = PBXBuildFile; fileRef = 12FB5D1B262808AD005F591D /* lib */; };
/* End PBXBuildFile section */

/* Begin PBXFileReference section */
		120266C324AA15EF007DF876 /* pyjs.mxo */ = {isa = PBXFileReference; explicitFileType = wrapper.cfbundle; includeInIndex = 0; path = pyjs.mxo; sourceTree = BUILT_PRODUCTS_DIR; };
		120266C524AA17B5007DF876 /* pyjs.c */ = {isa = PBXFileReference; fileEncoding = 4; lastKnownFileType = sourcecode.c.c; name = pyjs.c; path = ../../pyjs.c; sourceTree = "<group>"; };
		121A8C6124A1E58000EC5F99 /* Info.plist */ = {isa = PBXFileReference; lastKnownFileType = text.plist.xml; name = Info.plist; path = ../../../Info.plist; sourceTree = "<group>"; };
		1239835C24A1DC4600ADF7CA /* api.h */ = {isa = PBXFileReference; fileEncoding = 4; lastKnownFileType = sourcecode.c.h; name = api.h; path = ../../api.h; sourceTree = "<group>"; };
		1239835D24A1DC4600ADF7CA /* api.c */ = {isa = PBXFileReference; fileEncoding = 4; lastKnownFileType = sourcecode.c.c; name = api.c; path = ../../api.c; sourceTree = "<group>"; };
		1239835E24A1DC4600ADF7CA /* py.c */ = {isa = PBXFileReference; fileEncoding = 4; lastKnownFileType = sourcecode.c.c; name = py.c; path = ../../py.c; sourceTree = "<group>"; };
		1239835F24A1DC4600ADF7CA /* py.h */ = {isa = PBXFileReference; fileEncoding = 4; lastKnownFileType = sourcecode.c.h; name = py.h; path = ../../py.h; sourceTree = "<group>"; };
		12ADAF1624ACBE0B00B47EB9 /* py-js.xcconfig */ = {isa = PBXFileReference; lastKnownFileType = text.xcconfig; path = "py-js.xcconfig"; sourceTree = "<group>"; };
		12D5454B2463B03000BE010E /* CoreFoundation.framework */ = {isa = PBXFileReference; lastKnownFileType = wrapper.framework; name = CoreFoundation.framework; path = System/Library/Frameworks/CoreFoundation.framework; sourceTree = SDKROOT; };
		12FB5D1B262808AD005F591D /* lib */ = {isa = PBXFileReference; lastKnownFileType = folder; name = lib; path = "../build/lib/python-shared/lib"; sourceTree = "<group>"; };
		2FBBEAE508F335360078DB84 /* py.mxo */ = {isa = PBXFileReference; explicitFileType = wrapper.cfbundle; includeInIndex = 0; path = py.mxo; sourceTree = BUILT_PRODUCTS_DIR; };
/* End PBXFileReference section */

/* Begin PBXFrameworksBuildPhase section */
		120266BC24AA15EF007DF876 /* Frameworks */ = {
			isa = PBXFrameworksBuildPhase;
			buildActionMask = 2147483647;
			files = (
				120266BD24AA15EF007DF876 /* CoreFoundation.framework in Frameworks */,
			);
			runOnlyForDeploymentPostprocessing = 0;
		};
		2FBBEADC08F335360078DB84 /* Frameworks */ = {
			isa = PBXFrameworksBuildPhase;
			buildActionMask = 2147483647;
			files = (
				12D5454C2463B03000BE010E /* CoreFoundation.framework in Frameworks */,
			);
			runOnlyForDeploymentPostprocessing = 0;
		};
/* End PBXFrameworksBuildPhase section */

/* Begin PBXGroup section */
		089C166AFE841209C02AAC07 /* iterator */ = {
			isa = PBXGroup;
			children = (
				12FB5D1B262808AD005F591D /* lib */,
				1239835E24A1DC4600ADF7CA /* py.c */,
				1239835F24A1DC4600ADF7CA /* py.h */,
				120266C524AA17B5007DF876 /* pyjs.c */,
				1239835D24A1DC4600ADF7CA /* api.c */,
				1239835C24A1DC4600ADF7CA /* api.h */,
				12ADAF1624ACBE0B00B47EB9 /* py-js.xcconfig */,
				121A8C6124A1E58000EC5F99 /* Info.plist */,
				19C28FB4FE9D528D11CA2CBB /* Products */,
				12D5454A2463B03000BE010E /* Frameworks */,
			);
			name = iterator;
			sourceTree = "<group>";
		};
		12D5454A2463B03000BE010E /* Frameworks */ = {
			isa = PBXGroup;
			children = (
				12D5454B2463B03000BE010E /* CoreFoundation.framework */,
			);
			name = Frameworks;
			sourceTree = "<group>";
		};
		19C28FB4FE9D528D11CA2CBB /* Products */ = {
			isa = PBXGroup;
			children = (
				2FBBEAE508F335360078DB84 /* py.mxo */,
				120266C324AA15EF007DF876 /* pyjs.mxo */,
			);
			name = Products;
			sourceTree = "<group>";
		};
/* End PBXGroup section */

/* Begin PBXHeadersBuildPhase section */
		120266B424AA15EF007DF876 /* Headers */ = {
			isa = PBXHeadersBuildPhase;
			buildActionMask = 2147483647;
			files = (
				120266C724AA17E6007DF876 /* api.h in Headers */,
			);
			runOnlyForDeploymentPostprocessing = 0;
		};
		2FBBEAD708F335360078DB84 /* Headers */ = {
			isa = PBXHeadersBuildPhase;
			buildActionMask = 2147483647;
			files = (
				1239836124A1DC4600ADF7CA /* api.h in Headers */,
				1239836424A1DC4600ADF7CA /* py.h in Headers */,
			);
			runOnlyForDeploymentPostprocessing = 0;
		};
/* End PBXHeadersBuildPhase section */

/* Begin PBXNativeTarget section */
		120266B324AA15EF007DF876 /* pyjs */ = {
			isa = PBXNativeTarget;
			buildConfigurationList = 120266C024AA15EF007DF876 /* Build configuration list for PBXNativeTarget "pyjs" */;
			buildPhases = (
				120266B424AA15EF007DF876 /* Headers */,
				120266B724AA15EF007DF876 /* Resources */,
				120266B924AA15EF007DF876 /* Sources */,
				120266BC24AA15EF007DF876 /* Frameworks */,
				120266BF24AA15EF007DF876 /* Rez */,
			);
			buildRules = (
			);
			dependencies = (
			);
			name = pyjs;
			productName = iterator;
			productReference = 120266C324AA15EF007DF876 /* pyjs.mxo */;
			productType = "com.apple.product-type.bundle";
		};
		2FBBEAD608F335360078DB84 /* py */ = {
			isa = PBXNativeTarget;
			buildConfigurationList = 2FBBEAE008F335360078DB84 /* Build configuration list for PBXNativeTarget "py" */;
			buildPhases = (
				2FBBEAD708F335360078DB84 /* Headers */,
				2FBBEAD808F335360078DB84 /* Resources */,
				2FBBEADA08F335360078DB84 /* Sources */,
				2FBBEADC08F335360078DB84 /* Frameworks */,
				2FBBEADF08F335360078DB84 /* Rez */,
			);
			buildRules = (
			);
			dependencies = (
			);
			name = py;
			productName = iterator;
			productReference = 2FBBEAE508F335360078DB84 /* py.mxo */;
			productType = "com.apple.product-type.bundle";
		};
/* End PBXNativeTarget section */

/* Begin PBXProject section */
		089C1669FE841209C02AAC07 /* Project object */ = {
			isa = PBXProject;
			attributes = {
				LastUpgradeCheck = 0610;
				TargetAttributes = {
					120266B324AA15EF007DF876 = {
						DevelopmentTeam = GXY97B2JBX;
						ProvisioningStyle = Automatic;
					};
					2FBBEAD608F335360078DB84 = {
						ProvisioningStyle = Automatic;
					};
				};
			};
			buildConfigurationList = 2FBBEACF08F335010078DB84 /* Build configuration list for PBXProject "py-js" */;
			compatibilityVersion = "Xcode 3.2";
			developmentRegion = English;
			hasScannedForEncodings = 1;
			knownRegions = (
				English,
				en,
			);
			mainGroup = 089C166AFE841209C02AAC07 /* iterator */;
			projectDirPath = "";
			projectRoot = "";
			targets = (
				2FBBEAD608F335360078DB84 /* py */,
				120266B324AA15EF007DF876 /* pyjs */,
			);
		};
/* End PBXProject section */

/* Begin PBXResourcesBuildPhase section */
		120266B724AA15EF007DF876 /* Resources */ = {
			isa = PBXResourcesBuildPhase;
			buildActionMask = 2147483647;
			files = (
				12FB5D1D262808AD005F591D /* lib in Resources */,
			);
			runOnlyForDeploymentPostprocessing = 0;
		};
		2FBBEAD808F335360078DB84 /* Resources */ = {
			isa = PBXResourcesBuildPhase;
			buildActionMask = 2147483647;
			files = (
				12FB5D1C262808AD005F591D /* lib in Resources */,
			);
			runOnlyForDeploymentPostprocessing = 0;
		};
/* End PBXResourcesBuildPhase section */

/* Begin PBXRezBuildPhase section */
		120266BF24AA15EF007DF876 /* Rez */ = {
			isa = PBXRezBuildPhase;
			buildActionMask = 2147483647;
			files = (
			);
			runOnlyForDeploymentPostprocessing = 0;
		};
		2FBBEADF08F335360078DB84 /* Rez */ = {
			isa = PBXRezBuildPhase;
			buildActionMask = 2147483647;
			files = (
			);
			runOnlyForDeploymentPostprocessing = 0;
		};
/* End PBXRezBuildPhase section */

/* Begin PBXSourcesBuildPhase section */
		120266B924AA15EF007DF876 /* Sources */ = {
			isa = PBXSourcesBuildPhase;
			buildActionMask = 2147483647;
			files = (
				120266C624AA17B6007DF876 /* pyjs.c in Sources */,
			);
			runOnlyForDeploymentPostprocessing = 0;
		};
		2FBBEADA08F335360078DB84 /* Sources */ = {
			isa = PBXSourcesBuildPhase;
			buildActionMask = 2147483647;
			files = (
				1239836324A1DC4600ADF7CA /* py.c in Sources */,
				1239836224A1DC4600ADF7CA /* api.c in Sources */,
			);
			runOnlyForDeploymentPostprocessing = 0;
		};
/* End PBXSourcesBuildPhase section */

/* Begin XCBuildConfiguration section */
		120266C124AA15EF007DF876 /* Development */ = {
			isa = XCBuildConfiguration;
			buildSettings = {
				ALWAYS_SEARCH_USER_PATHS = NO;
				CODE_SIGN_IDENTITY = "-";
				CODE_SIGN_STYLE = Automatic;
				COPY_PHASE_STRIP = NO;
				DEVELOPMENT_TEAM = GXY97B2JBX;
				GCC_OPTIMIZATION_LEVEL = 0;
				GCC_PREPROCESSOR_DEFINITIONS = (
					"\"DENORM_WANT_FIX = 1\"",
					"\"NO_TRANSLATION_SUPPORT = 1\"",
					PY_STATIC_EXT,
				);
				HEADER_SEARCH_PATHS = (
					"\"$(C74SUPPORT)/max-includes\"",
					"\"$(C74SUPPORT)/msp-includes\"",
					"\"$(C74SUPPORT)/jit-includes\"",
					"$(PY_HEADERS)",
				);
				INFOPLIST_FILE = "$(SRCROOT)/../../../Info.plist";
				LIBRARY_SEARCH_PATHS = (
					"$(PY_LIBS)",
					"$(PROJECT_DIR)",
				);
				MACOSX_DEPLOYMENT_TARGET = 10.13;
				OTHER_LDFLAGS = (
					"$(C74_SYM_LINKER_FLAGS)",
					"$(PY_LDFLAGS)",
				);
				PRODUCT_BUNDLE_IDENTIFIER = org.me.pyjs;
				PRODUCT_NAME = "$(TARGET_NAME)";
				PROVISIONING_PROFILE_SPECIFIER = "";
			};
			name = Development;
		};
		120266C224AA15EF007DF876 /* Deployment */ = {
			isa = XCBuildConfiguration;
			buildSettings = {
				ALWAYS_SEARCH_USER_PATHS = NO;
				CODE_SIGN_IDENTITY = "-";
				COPY_PHASE_STRIP = YES;
				DEVELOPMENT_TEAM = "";
				GCC_PREPROCESSOR_DEFINITIONS = (
					"\"DENORM_WANT_FIX = 1\"",
					"\"NO_TRANSLATION_SUPPORT = 1\"",
					PY_STATIC_EXT,
				);
				HEADER_SEARCH_PATHS = (
					"\"$(C74SUPPORT)/max-includes\"",
					"\"$(C74SUPPORT)/msp-includes\"",
					"\"$(C74SUPPORT)/jit-includes\"",
					"$(PY_HEADERS)",
				);
				INFOPLIST_FILE = "$(SRCROOT)/../../../Info.plist";
				LIBRARY_SEARCH_PATHS = (
					"$(PY_LIBS)",
					"$(PROJECT_DIR)",
				);
				MACOSX_DEPLOYMENT_TARGET = 10.13;
				OTHER_LDFLAGS = (
					"$(C74_SYM_LINKER_FLAGS)",
					"$(PY_LDFLAGS)",
				);
				PRODUCT_BUNDLE_IDENTIFIER = org.me.pyjs;
				PRODUCT_NAME = "$(TARGET_NAME)";
			};
			name = Deployment;
		};
		2FBBEAD008F335010078DB84 /* Development */ = {
			isa = XCBuildConfiguration;
			baseConfigurationReference = 12ADAF1624ACBE0B00B47EB9 /* py-js.xcconfig */;
			buildSettings = {
			};
			name = Development;
		};
		2FBBEAD108F335010078DB84 /* Deployment */ = {
			isa = XCBuildConfiguration;
			baseConfigurationReference = 12ADAF1624ACBE0B00B47EB9 /* py-js.xcconfig */;
			buildSettings = {
			};
			name = Deployment;
		};
		2FBBEAE108F335360078DB84 /* Development */ = {
			isa = XCBuildConfiguration;
			buildSettings = {
				ALWAYS_SEARCH_USER_PATHS = NO;
				CODE_SIGN_IDENTITY = "-";
				CODE_SIGN_STYLE = Automatic;
				COPY_PHASE_STRIP = NO;
				DEVELOPMENT_TEAM = "";
				GCC_OPTIMIZATION_LEVEL = 0;
				GCC_PREPROCESSOR_DEFINITIONS = (
					"\"DENORM_WANT_FIX = 1\"",
					"\"NO_TRANSLATION_SUPPORT = 1\"",
					PY_STATIC_EXT,
				);
				HEADER_SEARCH_PATHS = (
					"\"$(C74SUPPORT)/max-includes\"",
					"\"$(C74SUPPORT)/msp-includes\"",
					"\"$(C74SUPPORT)/jit-includes\"",
					"$(PY_HEADERS)",
				);
				INFOPLIST_FILE = "$(SRCROOT)/../../../Info.plist";
				LIBRARY_SEARCH_PATHS = (
					"$(PY_LIBS)",
					"$(PROJECT_DIR)",
				);
				MACOSX_DEPLOYMENT_TARGET = 10.14;
				OTHER_LDFLAGS = (
					"$(C74_SYM_LINKER_FLAGS)",
					"$(PY_LDFLAGS)",
				);
				PRODUCT_BUNDLE_IDENTIFIER = org.me.py;
				PRODUCT_NAME = "$(TARGET_NAME)";
				PROVISIONING_PROFILE_SPECIFIER = "";
			};
			name = Development;
		};
		2FBBEAE208F335360078DB84 /* Deployment */ = {
			isa = XCBuildConfiguration;
			buildSettings = {
				ALWAYS_SEARCH_USER_PATHS = NO;
				CODE_SIGN_IDENTITY = "-";
				COPY_PHASE_STRIP = YES;
				DEVELOPMENT_TEAM = "";
				GCC_PREPROCESSOR_DEFINITIONS = (
					"\"DENORM_WANT_FIX = 1\"",
					"\"NO_TRANSLATION_SUPPORT = 1\"",
					PY_STATIC_EXT,
				);
				HEADER_SEARCH_PATHS = (
					"\"$(C74SUPPORT)/max-includes\"",
					"\"$(C74SUPPORT)/msp-includes\"",
					"\"$(C74SUPPORT)/jit-includes\"",
					"$(PY_HEADERS)",
				);
				INFOPLIST_FILE = "$(SRCROOT)/../../../Info.plist";
				LIBRARY_SEARCH_PATHS = (
					"$(PY_LIBS)",
					"$(PROJECT_DIR)",
				);
				MACOSX_DEPLOYMENT_TARGET = 10.14;
				OTHER_LDFLAGS = (
					"$(C74_SYM_LINKER_FLAGS)",
					"$(PY_LDFLAGS)",
				);
				PRODUCT_BUNDLE_IDENTIFIER = org.me.py;
				PRODUCT_NAME = "$(TARGET_NAME)";
			};
			name = Deployment;
		};
/* End XCBuildConfiguration section */

/* Begin XCConfigurationList section */
		120266C024AA15EF007DF876 /* Build configuration list for PBXNativeTarget "pyjs" */ = {
			isa = XCConfigurationList;
			buildConfigurations = (
				120266C124AA15EF007DF876 /* Development */,
				120266C224AA15EF007DF876 /* Deployment */,
			);
			defaultConfigurationIsVisible = 0;
			defaultConfigurationName = Development;
		};
		2FBBEACF08F335010078DB84 /* Build configuration list for PBXProject "py-js" */ = {
			isa = XCConfigurationList;
			buildConfigurations = (
				2FBBEAD008F335010078DB84 /* Development */,
				2FBBEAD108F335010078DB84 /* Deployment */,
			);
			defaultConfigurationIsVisible = 0;
			defaultConfigurationName = Development;
		};
		2FBBEAE008F335360078DB84 /* Build configuration list for PBXNativeTarget "py" */ = {
			isa = XCConfigurationList;
			buildConfigurations = (
				2FBBEAE108F335360078DB84 /* Development */,
				2FBBEAE208F335360078DB84 /* Deployment */,
			);
			defaultConfigurationIsVisible = 0;
			defaultConfigurationName = Development;
		};
/* End XCConfigurationList section */
	};
	rootObject = 089C1669FE841209C02AAC07 /* Project object */;
}
