// !$*UTF8*$!
{
	archiveVersion = 1;
	classes = {
	};
	objectVersion = 51;
	objects = {

/* Begin PBXBuildFile section */
		637CC815309CE940573B843B /* jmx.c in Sources */ = {isa = PBXBuildFile; fileRef = 2CE63904835421A531280DA1 /* jmx.c */; };
		990003A6D95A654C34C0A9E1 /* commonsyms.c in Sources */ = {isa = PBXBuildFile; fileRef = 6329848AB70663E6664248BE /* commonsyms.c */; };
		9F73F8D8F312377FFFBAF0A3 /* libzmq.a in Frameworks */ = {isa = PBXBuildFile; fileRef = BD24E06F31D219B631C167B2 /* libzmq.a */; };
		C62B0B9DC3CB843C240F35EE /* CoreFoundation.framework in Frameworks */ = {isa = PBXBuildFile; fileRef = 37907A667020B4D037C09C54 /* CoreFoundation.framework */; };
		DDD56EB620ED788B9B687002 /* libsodium.a in Frameworks */ = {isa = PBXBuildFile; fileRef = 91E42A0549E37D5137502A70 /* libsodium.a */; };
/* End PBXBuildFile section */

/* Begin PBXFileReference section */
		15BF5C34F8E77468BF2B6E22 /* jmx.bundle */ = {isa = PBXFileReference; explicitFileType = wrapper.cfbundle; includeInIndex = 0; path = jmx.bundle; sourceTree = BUILT_PRODUCTS_DIR; };
		2CE63904835421A531280DA1 /* jmx.c */ = {isa = PBXFileReference; lastKnownFileType = sourcecode.c.c; path = jmx.c; sourceTree = "<group>"; };
		37907A667020B4D037C09C54 /* CoreFoundation.framework */ = {isa = PBXFileReference; lastKnownFileType = wrapper.framework; name = CoreFoundation.framework; path = System/Library/Frameworks/CoreFoundation.framework; sourceTree = SDKROOT; };
		4A60C12620919A84AA55D9E7 /* include */ = {isa = PBXFileReference; lastKnownFileType = folder; name = include; path = ../include; sourceTree = SOURCE_ROOT; };
		6329848AB70663E6664248BE /* commonsyms.c */ = {isa = PBXFileReference; lastKnownFileType = sourcecode.c.c; path = commonsyms.c; sourceTree = "<group>"; };
		91E42A0549E37D5137502A70 /* libsodium.a */ = {isa = PBXFileReference; lastKnownFileType = archive.ar; name = libsodium.a; path = ../lib/libsodium.a; sourceTree = "<group>"; };
		A91D861D22C2368798FE1950 /* project.xcconfig */ = {isa = PBXFileReference; lastKnownFileType = text.xcconfig; path = project.xcconfig; sourceTree = "<group>"; };
		BD24E06F31D219B631C167B2 /* libzmq.a */ = {isa = PBXFileReference; lastKnownFileType = archive.ar; name = libzmq.a; path = ../lib/libzmq.a; sourceTree = "<group>"; };
/* End PBXFileReference section */

/* Begin PBXFrameworksBuildPhase section */
		D85873B6CD1631F3A1932352 /* Frameworks */ = {
			isa = PBXFrameworksBuildPhase;
			buildActionMask = 2147483647;
			files = (
				C62B0B9DC3CB843C240F35EE /* CoreFoundation.framework in Frameworks */,
				DDD56EB620ED788B9B687002 /* libsodium.a in Frameworks */,
				9F73F8D8F312377FFFBAF0A3 /* libzmq.a in Frameworks */,
			);
			runOnlyForDeploymentPostprocessing = 0;
		};
/* End PBXFrameworksBuildPhase section */

/* Begin PBXGroup section */
		1A817E3DDCA768E6ED3177DC /* jmx */ = {
			isa = PBXGroup;
			children = (
				A91D861D22C2368798FE1950 /* project.xcconfig */,
			);
			name = jmx;
			path = .;
			sourceTree = "<group>";
		};
		248BD25C0D9A56DD934FD7F1 /* common */ = {
			isa = PBXGroup;
			children = (
				6329848AB70663E6664248BE /* commonsyms.c */,
			);
			name = common;
			path = "../../../max-sdk/source/c74support/max-includes/common";
			sourceTree = "<group>";
		};
		CDD25884AF2F6FABF7BE35DE = {
			isa = PBXGroup;
			children = (
				4A60C12620919A84AA55D9E7 /* include */,
				248BD25C0D9A56DD934FD7F1 /* common */,
				1A817E3DDCA768E6ED3177DC /* jmx */,
				FD7EA458A036234AE55D6643 /* src */,
				F5019809891AB26F0EEACE3D /* Frameworks */,
				E5C9ECF3CDBBD3DA04C0A0CB /* Products */,
			);
			sourceTree = "<group>";
		};
		E5C9ECF3CDBBD3DA04C0A0CB /* Products */ = {
			isa = PBXGroup;
			children = (
				15BF5C34F8E77468BF2B6E22 /* jmx.bundle */,
			);
			name = Products;
			sourceTree = "<group>";
		};
		F5019809891AB26F0EEACE3D /* Frameworks */ = {
			isa = PBXGroup;
			children = (
				37907A667020B4D037C09C54 /* CoreFoundation.framework */,
				91E42A0549E37D5137502A70 /* libsodium.a */,
				BD24E06F31D219B631C167B2 /* libzmq.a */,
			);
			name = Frameworks;
			sourceTree = "<group>";
		};
		FD7EA458A036234AE55D6643 /* src */ = {
			isa = PBXGroup;
			children = (
				2CE63904835421A531280DA1 /* jmx.c */,
			);
			path = src;
			sourceTree = "<group>";
		};
/* End PBXGroup section */

/* Begin PBXNativeTarget section */
		067A65474B24A1A734732180 /* jmx */ = {
			isa = PBXNativeTarget;
			buildConfigurationList = CF99EC380CBABEF48D06A502 /* Build configuration list for PBXNativeTarget "jmx" */;
			buildPhases = (
				ED78B5CD084B1EAFEDBB38D1 /* Sources */,
				D85873B6CD1631F3A1932352 /* Frameworks */,
			);
			buildRules = (
			);
			dependencies = (
			);
			name = jmx;
			productName = jmx;
			productReference = 15BF5C34F8E77468BF2B6E22 /* jmx.bundle */;
			productType = "com.apple.product-type.bundle";
		};
/* End PBXNativeTarget section */

/* Begin PBXProject section */
		48902C8AA6CB7D9FB9E9BF17 /* Project object */ = {
			isa = PBXProject;
			attributes = {
				LastUpgradeCheck = 1200;
				TargetAttributes = {
					067A65474B24A1A734732180 = {
						DevelopmentTeam = "";
					};
				};
			};
			buildConfigurationList = 8B2F8777B2F49E00C23B82B6 /* Build configuration list for PBXProject "jmx" */;
			compatibilityVersion = "Xcode 10.0";
			developmentRegion = en;
			hasScannedForEncodings = 0;
			knownRegions = (
				Base,
				en,
			);
			mainGroup = CDD25884AF2F6FABF7BE35DE;
			projectDirPath = "";
			projectRoot = "";
			targets = (
				067A65474B24A1A734732180 /* jmx */,
			);
		};
/* End PBXProject section */

/* Begin PBXSourcesBuildPhase section */
		ED78B5CD084B1EAFEDBB38D1 /* Sources */ = {
			isa = PBXSourcesBuildPhase;
			buildActionMask = 2147483647;
			files = (
				990003A6D95A654C34C0A9E1 /* commonsyms.c in Sources */,
				637CC815309CE940573B843B /* jmx.c in Sources */,
			);
			runOnlyForDeploymentPostprocessing = 0;
		};
/* End PBXSourcesBuildPhase section */

/* Begin XCBuildConfiguration section */
		2321A6B17C2E01B99632963E /* Release */ = {
			isa = XCBuildConfiguration;
			buildSettings = {
				ALWAYS_SEARCH_USER_PATHS = NO;
				CLANG_ANALYZER_NONNULL = YES;
				CLANG_ANALYZER_NUMBER_OBJECT_CONVERSION = YES_AGGRESSIVE;
				CLANG_CXX_LANGUAGE_STANDARD = "gnu++14";
				CLANG_CXX_LIBRARY = "libc++";
				CLANG_ENABLE_MODULES = YES;
				CLANG_ENABLE_OBJC_ARC = YES;
				CLANG_ENABLE_OBJC_WEAK = YES;
				CLANG_WARN_BLOCK_CAPTURE_AUTORELEASING = YES;
				CLANG_WARN_BOOL_CONVERSION = YES;
				CLANG_WARN_COMMA = YES;
				CLANG_WARN_CONSTANT_CONVERSION = YES;
				CLANG_WARN_DEPRECATED_OBJC_IMPLEMENTATIONS = YES;
				CLANG_WARN_DIRECT_OBJC_ISA_USAGE = YES_ERROR;
				CLANG_WARN_DOCUMENTATION_COMMENTS = YES;
				CLANG_WARN_EMPTY_BODY = YES;
				CLANG_WARN_ENUM_CONVERSION = YES;
				CLANG_WARN_INFINITE_RECURSION = YES;
				CLANG_WARN_INT_CONVERSION = YES;
				CLANG_WARN_NON_LITERAL_NULL_CONVERSION = YES;
				CLANG_WARN_OBJC_IMPLICIT_RETAIN_SELF = YES;
				CLANG_WARN_OBJC_LITERAL_CONVERSION = YES;
				CLANG_WARN_OBJC_ROOT_CLASS = YES_ERROR;
				CLANG_WARN_QUOTED_INCLUDE_IN_FRAMEWORK_HEADER = YES;
				CLANG_WARN_RANGE_LOOP_ANALYSIS = YES;
				CLANG_WARN_STRICT_PROTOTYPES = YES;
				CLANG_WARN_SUSPICIOUS_MOVE = YES;
				CLANG_WARN_UNGUARDED_AVAILABILITY = YES_AGGRESSIVE;
				CLANG_WARN_UNREACHABLE_CODE = YES;
				CLANG_WARN__DUPLICATE_METHOD_MATCH = YES;
				COPY_PHASE_STRIP = NO;
				DEBUG_INFORMATION_FORMAT = "dwarf-with-dsym";
				ENABLE_NS_ASSERTIONS = NO;
				ENABLE_STRICT_OBJC_MSGSEND = YES;
				GCC_C_LANGUAGE_STANDARD = gnu11;
				GCC_NO_COMMON_BLOCKS = YES;
				GCC_WARN_64_TO_32_BIT_CONVERSION = YES;
				GCC_WARN_ABOUT_RETURN_TYPE = YES_ERROR;
				GCC_WARN_UNDECLARED_SELECTOR = YES;
				GCC_WARN_UNINITIALIZED_AUTOS = YES_AGGRESSIVE;
				GCC_WARN_UNUSED_FUNCTION = YES;
				GCC_WARN_UNUSED_VARIABLE = YES;
				MTL_ENABLE_DEBUG_INFO = NO;
				MTL_FAST_MATH = YES;
				PRODUCT_NAME = "$(TARGET_NAME)";
				SDKROOT = macosx;
				SWIFT_COMPILATION_MODE = wholemodule;
				SWIFT_OPTIMIZATION_LEVEL = "-O";
				SWIFT_VERSION = 5.0;
			};
			name = Release;
		};
		55B2CAF8779056CB7AB0DB8B /* Debug */ = {
			isa = XCBuildConfiguration;
			buildSettings = {
				ALWAYS_SEARCH_USER_PATHS = NO;
				CLANG_ANALYZER_NONNULL = YES;
				CLANG_ANALYZER_NUMBER_OBJECT_CONVERSION = YES_AGGRESSIVE;
				CLANG_CXX_LANGUAGE_STANDARD = "gnu++14";
				CLANG_CXX_LIBRARY = "libc++";
				CLANG_ENABLE_MODULES = YES;
				CLANG_ENABLE_OBJC_ARC = YES;
				CLANG_ENABLE_OBJC_WEAK = YES;
				CLANG_WARN_BLOCK_CAPTURE_AUTORELEASING = YES;
				CLANG_WARN_BOOL_CONVERSION = YES;
				CLANG_WARN_COMMA = YES;
				CLANG_WARN_CONSTANT_CONVERSION = YES;
				CLANG_WARN_DEPRECATED_OBJC_IMPLEMENTATIONS = YES;
				CLANG_WARN_DIRECT_OBJC_ISA_USAGE = YES_ERROR;
				CLANG_WARN_DOCUMENTATION_COMMENTS = YES;
				CLANG_WARN_EMPTY_BODY = YES;
				CLANG_WARN_ENUM_CONVERSION = YES;
				CLANG_WARN_INFINITE_RECURSION = YES;
				CLANG_WARN_INT_CONVERSION = YES;
				CLANG_WARN_NON_LITERAL_NULL_CONVERSION = YES;
				CLANG_WARN_OBJC_IMPLICIT_RETAIN_SELF = YES;
				CLANG_WARN_OBJC_LITERAL_CONVERSION = YES;
				CLANG_WARN_OBJC_ROOT_CLASS = YES_ERROR;
				CLANG_WARN_QUOTED_INCLUDE_IN_FRAMEWORK_HEADER = YES;
				CLANG_WARN_RANGE_LOOP_ANALYSIS = YES;
				CLANG_WARN_STRICT_PROTOTYPES = YES;
				CLANG_WARN_SUSPICIOUS_MOVE = YES;
				CLANG_WARN_UNGUARDED_AVAILABILITY = YES_AGGRESSIVE;
				CLANG_WARN_UNREACHABLE_CODE = YES;
				CLANG_WARN__DUPLICATE_METHOD_MATCH = YES;
				COPY_PHASE_STRIP = NO;
				DEBUG_INFORMATION_FORMAT = dwarf;
				ENABLE_STRICT_OBJC_MSGSEND = YES;
				ENABLE_TESTABILITY = YES;
				GCC_C_LANGUAGE_STANDARD = gnu11;
				GCC_DYNAMIC_NO_PIC = NO;
				GCC_NO_COMMON_BLOCKS = YES;
				GCC_OPTIMIZATION_LEVEL = 0;
				GCC_PREPROCESSOR_DEFINITIONS = (
					"$(inherited)",
					"DEBUG=1",
				);
				GCC_WARN_64_TO_32_BIT_CONVERSION = YES;
				GCC_WARN_ABOUT_RETURN_TYPE = YES_ERROR;
				GCC_WARN_UNDECLARED_SELECTOR = YES;
				GCC_WARN_UNINITIALIZED_AUTOS = YES_AGGRESSIVE;
				GCC_WARN_UNUSED_FUNCTION = YES;
				GCC_WARN_UNUSED_VARIABLE = YES;
				MTL_ENABLE_DEBUG_INFO = INCLUDE_SOURCE;
				MTL_FAST_MATH = YES;
				ONLY_ACTIVE_ARCH = YES;
				PRODUCT_NAME = "$(TARGET_NAME)";
				SDKROOT = macosx;
				SWIFT_ACTIVE_COMPILATION_CONDITIONS = DEBUG;
				SWIFT_OPTIMIZATION_LEVEL = "-Onone";
				SWIFT_VERSION = 5.0;
			};
			name = Debug;
		};
		C8E0FA810CC0619CC1EBF2A3 /* Debug */ = {
			isa = XCBuildConfiguration;
			baseConfigurationReference = A91D861D22C2368798FE1950 /* project.xcconfig */;
			buildSettings = {
				CODE_SIGN_IDENTITY = "-";
				COMBINE_HIDPI_IMAGES = YES;
				DEVELOPMENT_TEAM = "";
				FRAMEWORK_SEARCH_PATHS = (
					"$(inherited)",
					"\"../lib\"",
				);
				GCC_OPTIMIZATION_LEVEL = 0;
				HEADER_SEARCH_PATHS = (
					"$(C74SUPPORT)/max-includes",
					"$(C74SUPPORT)/msp-includes",
					"$(C74SUPPORT)/jit-includes",
					"$(PROJECT_HEADERS)",
				);
				INFOPLIST_FILE = "$(SRCROOT)/../../../Info.plist";
				LD_RUNPATH_SEARCH_PATHS = (
					"$(inherited)",
					"@executable_path/../Frameworks",
				);
				LIBRARY_SEARCH_PATHS = "$(PROJECT_LIBS)";
				MACOSX_DEPLOYMENT_TARGET = 10.14;
				OTHER_LDFLAGS = (
					"$(C74_SYM_LINKER_FLAGS)",
					"$(PROJECT_LDFLAGS)",
				);
				PRODUCT_BUNDLE_IDENTIFIER = org.me.jmx;
				PRODUCT_NAME = "$(TARGET_NAME)";
				SDKROOT = macosx;
			};
			name = Debug;
		};
		CCF6954EF8145BA7B2847428 /* Release */ = {
			isa = XCBuildConfiguration;
			baseConfigurationReference = A91D861D22C2368798FE1950 /* project.xcconfig */;
			buildSettings = {
				CODE_SIGN_IDENTITY = "-";
				COMBINE_HIDPI_IMAGES = YES;
				DEVELOPMENT_TEAM = "";
				FRAMEWORK_SEARCH_PATHS = (
					"$(inherited)",
					"\"../lib\"",
				);
				GCC_OPTIMIZATION_LEVEL = 0;
				HEADER_SEARCH_PATHS = (
					"$(C74SUPPORT)/max-includes",
					"$(C74SUPPORT)/msp-includes",
					"$(C74SUPPORT)/jit-includes",
					"$(PROJECT_HEADERS)",
				);
				INFOPLIST_FILE = "$(SRCROOT)/../../../Info.plist";
				LD_RUNPATH_SEARCH_PATHS = (
					"$(inherited)",
					"@executable_path/../Frameworks",
				);
				LIBRARY_SEARCH_PATHS = "$(PROJECT_LIBS)";
				MACOSX_DEPLOYMENT_TARGET = 10.14;
				OTHER_LDFLAGS = (
					"$(C74_SYM_LINKER_FLAGS)",
					"$(PROJECT_LDFLAGS)",
				);
				PRODUCT_BUNDLE_IDENTIFIER = org.me.jmx;
				PRODUCT_NAME = "$(TARGET_NAME)";
				SDKROOT = macosx;
			};
			name = Release;
		};
/* End XCBuildConfiguration section */

/* Begin XCConfigurationList section */
		8B2F8777B2F49E00C23B82B6 /* Build configuration list for PBXProject "jmx" */ = {
			isa = XCConfigurationList;
			buildConfigurations = (
				55B2CAF8779056CB7AB0DB8B /* Debug */,
				2321A6B17C2E01B99632963E /* Release */,
			);
			defaultConfigurationIsVisible = 0;
			defaultConfigurationName = Debug;
		};
		CF99EC380CBABEF48D06A502 /* Build configuration list for PBXNativeTarget "jmx" */ = {
			isa = XCConfigurationList;
			buildConfigurations = (
				C8E0FA810CC0619CC1EBF2A3 /* Debug */,
				CCF6954EF8145BA7B2847428 /* Release */,
			);
			defaultConfigurationIsVisible = 0;
			defaultConfigurationName = Debug;
		};
/* End XCConfigurationList section */
	};
	rootObject = 48902C8AA6CB7D9FB9E9BF17 /* Project object */;
}
