// !$*UTF8*$!
{
	archiveVersion = 1;
	classes = {
	};
	objectVersion = 51;
	objects = {

/* Begin PBXBuildFile section */
		0C6D6CC361FE43B09FEF9C76 /* CoreFoundation.framework in Frameworks */ = {isa = PBXBuildFile; fileRef = 212454652755B0FAE7618DEC /* CoreFoundation.framework */; };
		DDC4ABEE018876D8D9D6C192 /* zmqc.c in Sources */ = {isa = PBXBuildFile; fileRef = 3D2F76B833D44FDD7F82418D /* zmqc.c */; };
/* End PBXBuildFile section */

/* Begin PBXFileReference section */
		212454652755B0FAE7618DEC /* CoreFoundation.framework */ = {isa = PBXFileReference; lastKnownFileType = wrapper.framework; name = CoreFoundation.framework; path = System/Library/Frameworks/CoreFoundation.framework; sourceTree = SDKROOT; };
		3D2F76B833D44FDD7F82418D /* zmqc.c */ = {isa = PBXFileReference; lastKnownFileType = sourcecode.c.c; path = zmqc.c; sourceTree = "<group>"; };
		96E5D1CD47B9E6D042213A23 /* zmqc.bundle */ = {isa = PBXFileReference; explicitFileType = wrapper.cfbundle; includeInIndex = 0; path = zmqc.bundle; sourceTree = BUILT_PRODUCTS_DIR; };
		ABD9647564E2C721BECDD36B /* project.xcconfig */ = {isa = PBXFileReference; lastKnownFileType = text.xcconfig; path = project.xcconfig; sourceTree = "<group>"; };
/* End PBXFileReference section */

/* Begin PBXFrameworksBuildPhase section */
		764D7930DB4A0A735EC54036 /* Frameworks */ = {
			isa = PBXFrameworksBuildPhase;
			buildActionMask = 2147483647;
			files = (
				0C6D6CC361FE43B09FEF9C76 /* CoreFoundation.framework in Frameworks */,
			);
			runOnlyForDeploymentPostprocessing = 0;
		};
/* End PBXFrameworksBuildPhase section */

/* Begin PBXGroup section */
		01FC1721FD08E31D365CC692 /* zmqc */ = {
			isa = PBXGroup;
			children = (
				ABD9647564E2C721BECDD36B /* project.xcconfig */,
			);
			name = zmqc;
			path = .;
			sourceTree = "<group>";
		};
		2A3D3AEBE406565694C06C75 = {
			isa = PBXGroup;
			children = (
				7CCDE465A368CBD7692677F2 /* src */,
				01FC1721FD08E31D365CC692 /* zmqc */,
				5C17881DF2DA2E3214FD3601 /* Frameworks */,
				5F02E5FEDA99D6433FC091A8 /* Products */,
			);
			sourceTree = "<group>";
		};
		5C17881DF2DA2E3214FD3601 /* Frameworks */ = {
			isa = PBXGroup;
			children = (
				212454652755B0FAE7618DEC /* CoreFoundation.framework */,
			);
			name = Frameworks;
			sourceTree = "<group>";
		};
		5F02E5FEDA99D6433FC091A8 /* Products */ = {
			isa = PBXGroup;
			children = (
				96E5D1CD47B9E6D042213A23 /* zmqc.bundle */,
			);
			name = Products;
			sourceTree = "<group>";
		};
		7CCDE465A368CBD7692677F2 /* src */ = {
			isa = PBXGroup;
			children = (
				91A5EA4DD331618B4A547658 /* src */,
			);
			path = src;
			sourceTree = "<group>";
		};
		91A5EA4DD331618B4A547658 /* src */ = {
			isa = PBXGroup;
			children = (
				3D2F76B833D44FDD7F82418D /* zmqc.c */,
			);
			path = src;
			sourceTree = "<group>";
		};
/* End PBXGroup section */

/* Begin PBXNativeTarget section */
		181E51461AD2F6315B8B9570 /* zmqc */ = {
			isa = PBXNativeTarget;
			buildConfigurationList = 966601517F43379662391261 /* Build configuration list for PBXNativeTarget "zmqc" */;
			buildPhases = (
				0C9280A7277085DA7C1D8938 /* Sources */,
				764D7930DB4A0A735EC54036 /* Frameworks */,
			);
			buildRules = (
			);
			dependencies = (
			);
			name = zmqc;
			productName = zmqc;
			productReference = 96E5D1CD47B9E6D042213A23 /* zmqc.bundle */;
			productType = "com.apple.product-type.bundle";
		};
/* End PBXNativeTarget section */

/* Begin PBXProject section */
		0F4AA6D29AABA36970782AB6 /* Project object */ = {
			isa = PBXProject;
			attributes = {
				LastUpgradeCheck = 1200;
				TargetAttributes = {
					181E51461AD2F6315B8B9570 = {
						DevelopmentTeam = "";
					};
				};
			};
			buildConfigurationList = B1F6C7A8F2ABAFA0FEC2A18F /* Build configuration list for PBXProject "zmqc" */;
			compatibilityVersion = "Xcode 10.0";
			developmentRegion = en;
			hasScannedForEncodings = 0;
			knownRegions = (
				Base,
				en,
			);
			mainGroup = 2A3D3AEBE406565694C06C75;
			projectDirPath = "";
			projectRoot = "";
			targets = (
				181E51461AD2F6315B8B9570 /* zmqc */,
			);
		};
/* End PBXProject section */

/* Begin PBXSourcesBuildPhase section */
		0C9280A7277085DA7C1D8938 /* Sources */ = {
			isa = PBXSourcesBuildPhase;
			buildActionMask = 2147483647;
			files = (
				DDC4ABEE018876D8D9D6C192 /* zmqc.c in Sources */,
			);
			runOnlyForDeploymentPostprocessing = 0;
		};
/* End PBXSourcesBuildPhase section */

/* Begin XCBuildConfiguration section */
		1E1D2693B1EFE6B26C176407 /* Release */ = {
			isa = XCBuildConfiguration;
			baseConfigurationReference = ABD9647564E2C721BECDD36B /* project.xcconfig */;
			buildSettings = {
				CODE_SIGN_IDENTITY = "-";
				COMBINE_HIDPI_IMAGES = YES;
				DEVELOPMENT_TEAM = "";
				GCC_OPTIMIZATION_LEVEL = 0;
				HEADER_SEARCH_PATHS = (
					"$(C74SUPPORT)/max-includes",
					"$(C74SUPPORT)/msp-includes",
					"$(C74SUPPORT)/jit-includes",
					"$(PROJECT_HEADERS)",
				);
				INFOPLIST_FILE = "$(SRCROOT)/../../../Info.plist";
				LD_RUNPATH_SEARCH_PATHS = (
					"$(inherited)",
					"@executable_path/../Frameworks",
				);
				LIBRARY_SEARCH_PATHS = "$(PROJECT_LIBS)";
				MACOSX_DEPLOYMENT_TARGET = 10.13;
				OTHER_LDFLAGS = (
					"$(C74_SYM_LINKER_FLAGS)",
					"$(PROJECT_LDFLAGS)",
				);
				PRODUCT_BUNDLE_IDENTIFIER = org.me.zmqc;
				PRODUCT_NAME = "$(TARGET_NAME)";
				SDKROOT = macosx;
			};
			name = Release;
		};
		6E55275F705F358CCC518A11 /* Release */ = {
			isa = XCBuildConfiguration;
			buildSettings = {
				ALWAYS_SEARCH_USER_PATHS = NO;
				CLANG_ANALYZER_NONNULL = YES;
				CLANG_ANALYZER_NUMBER_OBJECT_CONVERSION = YES_AGGRESSIVE;
				CLANG_CXX_LANGUAGE_STANDARD = "gnu++14";
				CLANG_CXX_LIBRARY = "libc++";
				CLANG_ENABLE_MODULES = YES;
				CLANG_ENABLE_OBJC_ARC = YES;
				CLANG_ENABLE_OBJC_WEAK = YES;
				CLANG_WARN_BLOCK_CAPTURE_AUTORELEASING = YES;
				CLANG_WARN_BOOL_CONVERSION = YES;
				CLANG_WARN_COMMA = YES;
				CLANG_WARN_CONSTANT_CONVERSION = YES;
				CLANG_WARN_DEPRECATED_OBJC_IMPLEMENTATIONS = YES;
				CLANG_WARN_DIRECT_OBJC_ISA_USAGE = YES_ERROR;
				CLANG_WARN_DOCUMENTATION_COMMENTS = YES;
				CLANG_WARN_EMPTY_BODY = YES;
				CLANG_WARN_ENUM_CONVERSION = YES;
				CLANG_WARN_INFINITE_RECURSION = YES;
				CLANG_WARN_INT_CONVERSION = YES;
				CLANG_WARN_NON_LITERAL_NULL_CONVERSION = YES;
				CLANG_WARN_OBJC_IMPLICIT_RETAIN_SELF = YES;
				CLANG_WARN_OBJC_LITERAL_CONVERSION = YES;
				CLANG_WARN_OBJC_ROOT_CLASS = YES_ERROR;
				CLANG_WARN_QUOTED_INCLUDE_IN_FRAMEWORK_HEADER = YES;
				CLANG_WARN_RANGE_LOOP_ANALYSIS = YES;
				CLANG_WARN_STRICT_PROTOTYPES = YES;
				CLANG_WARN_SUSPICIOUS_MOVE = YES;
				CLANG_WARN_UNGUARDED_AVAILABILITY = YES_AGGRESSIVE;
				CLANG_WARN_UNREACHABLE_CODE = YES;
				CLANG_WARN__DUPLICATE_METHOD_MATCH = YES;
				COPY_PHASE_STRIP = NO;
				DEBUG_INFORMATION_FORMAT = "dwarf-with-dsym";
				ENABLE_NS_ASSERTIONS = NO;
				ENABLE_STRICT_OBJC_MSGSEND = YES;
				GCC_C_LANGUAGE_STANDARD = gnu11;
				GCC_NO_COMMON_BLOCKS = YES;
				GCC_WARN_64_TO_32_BIT_CONVERSION = YES;
				GCC_WARN_ABOUT_RETURN_TYPE = YES_ERROR;
				GCC_WARN_UNDECLARED_SELECTOR = YES;
				GCC_WARN_UNINITIALIZED_AUTOS = YES_AGGRESSIVE;
				GCC_WARN_UNUSED_FUNCTION = YES;
				GCC_WARN_UNUSED_VARIABLE = YES;
				MTL_ENABLE_DEBUG_INFO = NO;
				MTL_FAST_MATH = YES;
				PRODUCT_NAME = "$(TARGET_NAME)";
				SDKROOT = macosx;
				SWIFT_COMPILATION_MODE = wholemodule;
				SWIFT_OPTIMIZATION_LEVEL = "-O";
				SWIFT_VERSION = 5.0;
			};
			name = Release;
		};
		C3FBCFAFD5917A98D37A22A0 /* Debug */ = {
			isa = XCBuildConfiguration;
			baseConfigurationReference = ABD9647564E2C721BECDD36B /* project.xcconfig */;
			buildSettings = {
				CODE_SIGN_IDENTITY = "-";
				COMBINE_HIDPI_IMAGES = YES;
				DEVELOPMENT_TEAM = "";
				GCC_OPTIMIZATION_LEVEL = 0;
				HEADER_SEARCH_PATHS = (
					"$(C74SUPPORT)/max-includes",
					"$(C74SUPPORT)/msp-includes",
					"$(C74SUPPORT)/jit-includes",
					"$(PROJECT_HEADERS)",
				);
				INFOPLIST_FILE = "$(SRCROOT)/../../../Info.plist";
				LD_RUNPATH_SEARCH_PATHS = (
					"$(inherited)",
					"@executable_path/../Frameworks",
				);
				LIBRARY_SEARCH_PATHS = "$(PROJECT_LIBS)";
				MACOSX_DEPLOYMENT_TARGET = 10.13;
				OTHER_LDFLAGS = (
					"$(C74_SYM_LINKER_FLAGS)",
					"$(PROJECT_LDFLAGS)",
				);
				PRODUCT_BUNDLE_IDENTIFIER = org.me.zmqc;
				PRODUCT_NAME = "$(TARGET_NAME)";
				SDKROOT = macosx;
			};
			name = Debug;
		};
		E5DF0B343C8679BDBA43239D /* Debug */ = {
			isa = XCBuildConfiguration;
			buildSettings = {
				ALWAYS_SEARCH_USER_PATHS = NO;
				CLANG_ANALYZER_NONNULL = YES;
				CLANG_ANALYZER_NUMBER_OBJECT_CONVERSION = YES_AGGRESSIVE;
				CLANG_CXX_LANGUAGE_STANDARD = "gnu++14";
				CLANG_CXX_LIBRARY = "libc++";
				CLANG_ENABLE_MODULES = YES;
				CLANG_ENABLE_OBJC_ARC = YES;
				CLANG_ENABLE_OBJC_WEAK = YES;
				CLANG_WARN_BLOCK_CAPTURE_AUTORELEASING = YES;
				CLANG_WARN_BOOL_CONVERSION = YES;
				CLANG_WARN_COMMA = YES;
				CLANG_WARN_CONSTANT_CONVERSION = YES;
				CLANG_WARN_DEPRECATED_OBJC_IMPLEMENTATIONS = YES;
				CLANG_WARN_DIRECT_OBJC_ISA_USAGE = YES_ERROR;
				CLANG_WARN_DOCUMENTATION_COMMENTS = YES;
				CLANG_WARN_EMPTY_BODY = YES;
				CLANG_WARN_ENUM_CONVERSION = YES;
				CLANG_WARN_INFINITE_RECURSION = YES;
				CLANG_WARN_INT_CONVERSION = YES;
				CLANG_WARN_NON_LITERAL_NULL_CONVERSION = YES;
				CLANG_WARN_OBJC_IMPLICIT_RETAIN_SELF = YES;
				CLANG_WARN_OBJC_LITERAL_CONVERSION = YES;
				CLANG_WARN_OBJC_ROOT_CLASS = YES_ERROR;
				CLANG_WARN_QUOTED_INCLUDE_IN_FRAMEWORK_HEADER = YES;
				CLANG_WARN_RANGE_LOOP_ANALYSIS = YES;
				CLANG_WARN_STRICT_PROTOTYPES = YES;
				CLANG_WARN_SUSPICIOUS_MOVE = YES;
				CLANG_WARN_UNGUARDED_AVAILABILITY = YES_AGGRESSIVE;
				CLANG_WARN_UNREACHABLE_CODE = YES;
				CLANG_WARN__DUPLICATE_METHOD_MATCH = YES;
				COPY_PHASE_STRIP = NO;
				DEBUG_INFORMATION_FORMAT = dwarf;
				ENABLE_STRICT_OBJC_MSGSEND = YES;
				ENABLE_TESTABILITY = YES;
				GCC_C_LANGUAGE_STANDARD = gnu11;
				GCC_DYNAMIC_NO_PIC = NO;
				GCC_NO_COMMON_BLOCKS = YES;
				GCC_OPTIMIZATION_LEVEL = 0;
				GCC_PREPROCESSOR_DEFINITIONS = (
					"$(inherited)",
					"DEBUG=1",
				);
				GCC_WARN_64_TO_32_BIT_CONVERSION = YES;
				GCC_WARN_ABOUT_RETURN_TYPE = YES_ERROR;
				GCC_WARN_UNDECLARED_SELECTOR = YES;
				GCC_WARN_UNINITIALIZED_AUTOS = YES_AGGRESSIVE;
				GCC_WARN_UNUSED_FUNCTION = YES;
				GCC_WARN_UNUSED_VARIABLE = YES;
				MTL_ENABLE_DEBUG_INFO = INCLUDE_SOURCE;
				MTL_FAST_MATH = YES;
				ONLY_ACTIVE_ARCH = YES;
				PRODUCT_NAME = "$(TARGET_NAME)";
				SDKROOT = macosx;
				SWIFT_ACTIVE_COMPILATION_CONDITIONS = DEBUG;
				SWIFT_OPTIMIZATION_LEVEL = "-Onone";
				SWIFT_VERSION = 5.0;
			};
			name = Debug;
		};
/* End XCBuildConfiguration section */

/* Begin XCConfigurationList section */
		966601517F43379662391261 /* Build configuration list for PBXNativeTarget "zmqc" */ = {
			isa = XCConfigurationList;
			buildConfigurations = (
				C3FBCFAFD5917A98D37A22A0 /* Debug */,
				1E1D2693B1EFE6B26C176407 /* Release */,
			);
			defaultConfigurationIsVisible = 0;
			defaultConfigurationName = Debug;
		};
		B1F6C7A8F2ABAFA0FEC2A18F /* Build configuration list for PBXProject "zmqc" */ = {
			isa = XCConfigurationList;
			buildConfigurations = (
				E5DF0B343C8679BDBA43239D /* Debug */,
				6E55275F705F358CCC518A11 /* Release */,
			);
			defaultConfigurationIsVisible = 0;
			defaultConfigurationName = Debug;
		};
/* End XCConfigurationList section */
	};
	rootObject = 0F4AA6D29AABA36970782AB6 /* Project object */;
}
